// !$*UTF8*$!
{
	archiveVersion = 1;
	classes = {
	};
	objectVersion = 46;
	objects = {

/* Begin PBXBuildFile section */
		5E84D8C21B4CF80400683B41 /* main.m in Sources */ = {isa = PBXBuildFile; fileRef = 5E84D8C11B4CF80400683B41 /* main.m */; };
		5E84D8C51B4CF80400683B41 /* AppDelegate.m in Sources */ = {isa = PBXBuildFile; fileRef = 5E84D8C41B4CF80400683B41 /* AppDelegate.m */; };
		5E84D8C81B4CF80400683B41 /* ViewController.m in Sources */ = {isa = PBXBuildFile; fileRef = 5E84D8C71B4CF80400683B41 /* ViewController.m */; };
		5E84D8CB1B4CF80400683B41 /* Main.storyboard in Resources */ = {isa = PBXBuildFile; fileRef = 5E84D8C91B4CF80400683B41 /* Main.storyboard */; };
		5E84D8CD1B4CF80400683B41 /* Images.xcassets in Resources */ = {isa = PBXBuildFile; fileRef = 5E84D8CC1B4CF80400683B41 /* Images.xcassets */; };
		5E84D8D01B4CF80400683B41 /* LaunchScreen.xib in Resources */ = {isa = PBXBuildFile; fileRef = 5E84D8CE1B4CF80400683B41 /* LaunchScreen.xib */; };
		5E84D8EE1B4CF95A00683B41 /* OFStackView.m in Sources */ = {isa = PBXBuildFile; fileRef = 5E84D8ED1B4CF95A00683B41 /* OFStackView.m */; };
		5E84D8F21B4D021300683B41 /* UIView+Oxygen.m in Sources */ = {isa = PBXBuildFile; fileRef = 5E84D8F11B4D021300683B41 /* UIView+Oxygen.m */; };
		5E84D8F91B4D084100683B41 /* CarInfoSelectViewController.m in Sources */ = {isa = PBXBuildFile; fileRef = 5E84D8F81B4D084100683B41 /* CarInfoSelectViewController.m */; };
		5E84D8FF1B4D2ED600683B41 /* CarInfoSelectTableViewCell.m in Sources */ = {isa = PBXBuildFile; fileRef = 5E84D8FE1B4D2ED600683B41 /* CarInfoSelectTableViewCell.m */; };
		5E84D91F1B4D33F900683B41 /* MKAnnotationView+WebCache.m in Sources */ = {isa = PBXBuildFile; fileRef = 5E84D9031B4D33F900683B41 /* MKAnnotationView+WebCache.m */; };
		5E84D9211B4D33F900683B41 /* SDImageCache.m in Sources */ = {isa = PBXBuildFile; fileRef = 5E84D9071B4D33F900683B41 /* SDImageCache.m */; };
		5E84D9221B4D33F900683B41 /* SDWebImageCompat.m in Sources */ = {isa = PBXBuildFile; fileRef = 5E84D9091B4D33F900683B41 /* SDWebImageCompat.m */; };
		5E84D9231B4D33F900683B41 /* SDWebImageDecoder.m in Sources */ = {isa = PBXBuildFile; fileRef = 5E84D90B1B4D33F900683B41 /* SDWebImageDecoder.m */; };
		5E84D9241B4D33F900683B41 /* SDWebImageDownloader.m in Sources */ = {isa = PBXBuildFile; fileRef = 5E84D90D1B4D33F900683B41 /* SDWebImageDownloader.m */; };
		5E84D9251B4D33F900683B41 /* SDWebImageDownloaderOperation.m in Sources */ = {isa = PBXBuildFile; fileRef = 5E84D90F1B4D33F900683B41 /* SDWebImageDownloaderOperation.m */; };
		5E84D9261B4D33F900683B41 /* SDWebImageManager.m in Sources */ = {isa = PBXBuildFile; fileRef = 5E84D9111B4D33F900683B41 /* SDWebImageManager.m */; };
		5E84D9271B4D33F900683B41 /* SDWebImagePrefetcher.m in Sources */ = {isa = PBXBuildFile; fileRef = 5E84D9141B4D33F900683B41 /* SDWebImagePrefetcher.m */; };
		5E84D9281B4D33F900683B41 /* UIButton+WebCache.m in Sources */ = {isa = PBXBuildFile; fileRef = 5E84D9161B4D33F900683B41 /* UIButton+WebCache.m */; };
		5E84D9291B4D33F900683B41 /* UIImage+GIF.m in Sources */ = {isa = PBXBuildFile; fileRef = 5E84D9181B4D33F900683B41 /* UIImage+GIF.m */; };
		5E84D92A1B4D33F900683B41 /* UIImage+MultiFormat.m in Sources */ = {isa = PBXBuildFile; fileRef = 5E84D91A1B4D33F900683B41 /* UIImage+MultiFormat.m */; };
		5E84D92B1B4D33F900683B41 /* UIImage+WebP.m in Sources */ = {isa = PBXBuildFile; fileRef = 5E84D91C1B4D33F900683B41 /* UIImage+WebP.m */; };
		5E84D92C1B4D33F900683B41 /* UIImageView+WebCache.m in Sources */ = {isa = PBXBuildFile; fileRef = 5E84D91E1B4D33F900683B41 /* UIImageView+WebCache.m */; };
		5E84D92F1B4E04D300683B41 /* TopBrandsTableViewCell.m in Sources */ = {isa = PBXBuildFile; fileRef = 5E84D92E1B4E04D300683B41 /* TopBrandsTableViewCell.m */; };
		5E84D9321B4E078B00683B41 /* MyUIPageControl.m in Sources */ = {isa = PBXBuildFile; fileRef = 5E84D9311B4E078B00683B41 /* MyUIPageControl.m */; };
		5E84D9361B4E093600683B41 /* GridItem.m in Sources */ = {isa = PBXBuildFile; fileRef = 5E84D9351B4E093600683B41 /* GridItem.m */; };
		5E84D93B1B4E0E9B00683B41 /* NSString+Oxygen.m in Sources */ = {isa = PBXBuildFile; fileRef = 5E84D93A1B4E0E9B00683B41 /* NSString+Oxygen.m */; };
		5E84D9441B4E1B0200683B41 /* NSData+ImageContentType.m in Sources */ = {isa = PBXBuildFile; fileRef = 5E84D93D1B4E1B0200683B41 /* NSData+ImageContentType.m */; };
		5E84D9451B4E1B0200683B41 /* UIImageView+HighlightedWebCache.m in Sources */ = {isa = PBXBuildFile; fileRef = 5E84D9411B4E1B0200683B41 /* UIImageView+HighlightedWebCache.m */; };
		5E84D9461B4E1B0200683B41 /* UIView+WebCacheOperation.m in Sources */ = {isa = PBXBuildFile; fileRef = 5E84D9431B4E1B0200683B41 /* UIView+WebCacheOperation.m */; };
		5E84D94A1B4E54B300683B41 /* GDIIndexBar.m in Sources */ = {isa = PBXBuildFile; fileRef = 5E84D9491B4E54B300683B41 /* GDIIndexBar.m */; };
		5E84D94E1B4E558A00683B41 /* pinyin.c in Sources */ = {isa = PBXBuildFile; fileRef = 5E84D94C1B4E558A00683B41 /* pinyin.c */; };
/* End PBXBuildFile section */

/* Begin PBXFileReference section */
		5E84D8BC1B4CF80400683B41 /* MultiTablesViewDemo.app */ = {isa = PBXFileReference; explicitFileType = wrapper.application; includeInIndex = 0; path = MultiTablesViewDemo.app; sourceTree = BUILT_PRODUCTS_DIR; };
		5E84D8C01B4CF80400683B41 /* Info.plist */ = {isa = PBXFileReference; lastKnownFileType = text.plist.xml; path = Info.plist; sourceTree = "<group>"; };
		5E84D8C11B4CF80400683B41 /* main.m */ = {isa = PBXFileReference; lastKnownFileType = sourcecode.c.objc; path = main.m; sourceTree = "<group>"; };
		5E84D8C31B4CF80400683B41 /* AppDelegate.h */ = {isa = PBXFileReference; lastKnownFileType = sourcecode.c.h; path = AppDelegate.h; sourceTree = "<group>"; };
		5E84D8C41B4CF80400683B41 /* AppDelegate.m */ = {isa = PBXFileReference; lastKnownFileType = sourcecode.c.objc; path = AppDelegate.m; sourceTree = "<group>"; };
		5E84D8C61B4CF80400683B41 /* ViewController.h */ = {isa = PBXFileReference; lastKnownFileType = sourcecode.c.h; path = ViewController.h; sourceTree = "<group>"; };
		5E84D8C71B4CF80400683B41 /* ViewController.m */ = {isa = PBXFileReference; lastKnownFileType = sourcecode.c.objc; path = ViewController.m; sourceTree = "<group>"; };
		5E84D8CA1B4CF80400683B41 /* Base */ = {isa = PBXFileReference; lastKnownFileType = file.storyboard; name = Base; path = Base.lproj/Main.storyboard; sourceTree = "<group>"; };
		5E84D8CC1B4CF80400683B41 /* Images.xcassets */ = {isa = PBXFileReference; lastKnownFileType = folder.assetcatalog; path = Images.xcassets; sourceTree = "<group>"; };
		5E84D8CF1B4CF80400683B41 /* Base */ = {isa = PBXFileReference; lastKnownFileType = file.xib; name = Base; path = Base.lproj/LaunchScreen.xib; sourceTree = "<group>"; };
		5E84D8EC1B4CF95A00683B41 /* OFStackView.h */ = {isa = PBXFileReference; fileEncoding = 4; lastKnownFileType = sourcecode.c.h; path = OFStackView.h; sourceTree = "<group>"; };
		5E84D8ED1B4CF95A00683B41 /* OFStackView.m */ = {isa = PBXFileReference; fileEncoding = 4; lastKnownFileType = sourcecode.c.objc; path = OFStackView.m; sourceTree = "<group>"; };
		5E84D8F01B4D021300683B41 /* UIView+Oxygen.h */ = {isa = PBXFileReference; fileEncoding = 4; lastKnownFileType = sourcecode.c.h; path = "UIView+Oxygen.h"; sourceTree = "<group>"; };
		5E84D8F11B4D021300683B41 /* UIView+Oxygen.m */ = {isa = PBXFileReference; fileEncoding = 4; lastKnownFileType = sourcecode.c.objc; path = "UIView+Oxygen.m"; sourceTree = "<group>"; };
		5E84D8F71B4D084100683B41 /* CarInfoSelectViewController.h */ = {isa = PBXFileReference; fileEncoding = 4; lastKnownFileType = sourcecode.c.h; path = CarInfoSelectViewController.h; sourceTree = "<group>"; };
		5E84D8F81B4D084100683B41 /* CarInfoSelectViewController.m */ = {isa = PBXFileReference; fileEncoding = 4; lastKnownFileType = sourcecode.c.objc; path = CarInfoSelectViewController.m; sourceTree = "<group>"; };
		5E84D8FD1B4D2ED600683B41 /* CarInfoSelectTableViewCell.h */ = {isa = PBXFileReference; fileEncoding = 4; lastKnownFileType = sourcecode.c.h; path = CarInfoSelectTableViewCell.h; sourceTree = "<group>"; };
		5E84D8FE1B4D2ED600683B41 /* CarInfoSelectTableViewCell.m */ = {isa = PBXFileReference; fileEncoding = 4; lastKnownFileType = sourcecode.c.objc; path = CarInfoSelectTableViewCell.m; sourceTree = "<group>"; };
		5E84D9021B4D33F900683B41 /* MKAnnotationView+WebCache.h */ = {isa = PBXFileReference; fileEncoding = 4; lastKnownFileType = sourcecode.c.h; path = "MKAnnotationView+WebCache.h"; sourceTree = "<group>"; };
		5E84D9031B4D33F900683B41 /* MKAnnotationView+WebCache.m */ = {isa = PBXFileReference; fileEncoding = 4; lastKnownFileType = sourcecode.c.objc; path = "MKAnnotationView+WebCache.m"; sourceTree = "<group>"; };
		5E84D9061B4D33F900683B41 /* SDImageCache.h */ = {isa = PBXFileReference; fileEncoding = 4; lastKnownFileType = sourcecode.c.h; path = SDImageCache.h; sourceTree = "<group>"; };
		5E84D9071B4D33F900683B41 /* SDImageCache.m */ = {isa = PBXFileReference; fileEncoding = 4; lastKnownFileType = sourcecode.c.objc; path = SDImageCache.m; sourceTree = "<group>"; };
		5E84D9081B4D33F900683B41 /* SDWebImageCompat.h */ = {isa = PBXFileReference; fileEncoding = 4; lastKnownFileType = sourcecode.c.h; path = SDWebImageCompat.h; sourceTree = "<group>"; };
		5E84D9091B4D33F900683B41 /* SDWebImageCompat.m */ = {isa = PBXFileReference; fileEncoding = 4; lastKnownFileType = sourcecode.c.objc; path = SDWebImageCompat.m; sourceTree = "<group>"; };
		5E84D90A1B4D33F900683B41 /* SDWebImageDecoder.h */ = {isa = PBXFileReference; fileEncoding = 4; lastKnownFileType = sourcecode.c.h; path = SDWebImageDecoder.h; sourceTree = "<group>"; };
		5E84D90B1B4D33F900683B41 /* SDWebImageDecoder.m */ = {isa = PBXFileReference; fileEncoding = 4; lastKnownFileType = sourcecode.c.objc; path = SDWebImageDecoder.m; sourceTree = "<group>"; };
		5E84D90C1B4D33F900683B41 /* SDWebImageDownloader.h */ = {isa = PBXFileReference; fileEncoding = 4; lastKnownFileType = sourcecode.c.h; path = SDWebImageDownloader.h; sourceTree = "<group>"; };
		5E84D90D1B4D33F900683B41 /* SDWebImageDownloader.m */ = {isa = PBXFileReference; fileEncoding = 4; lastKnownFileType = sourcecode.c.objc; path = SDWebImageDownloader.m; sourceTree = "<group>"; };
		5E84D90E1B4D33F900683B41 /* SDWebImageDownloaderOperation.h */ = {isa = PBXFileReference; fileEncoding = 4; lastKnownFileType = sourcecode.c.h; path = SDWebImageDownloaderOperation.h; sourceTree = "<group>"; };
		5E84D90F1B4D33F900683B41 /* SDWebImageDownloaderOperation.m */ = {isa = PBXFileReference; fileEncoding = 4; lastKnownFileType = sourcecode.c.objc; path = SDWebImageDownloaderOperation.m; sourceTree = "<group>"; };
		5E84D9101B4D33F900683B41 /* SDWebImageManager.h */ = {isa = PBXFileReference; fileEncoding = 4; lastKnownFileType = sourcecode.c.h; path = SDWebImageManager.h; sourceTree = "<group>"; };
		5E84D9111B4D33F900683B41 /* SDWebImageManager.m */ = {isa = PBXFileReference; fileEncoding = 4; lastKnownFileType = sourcecode.c.objc; path = SDWebImageManager.m; sourceTree = "<group>"; };
		5E84D9121B4D33F900683B41 /* SDWebImageOperation.h */ = {isa = PBXFileReference; fileEncoding = 4; lastKnownFileType = sourcecode.c.h; path = SDWebImageOperation.h; sourceTree = "<group>"; };
		5E84D9131B4D33F900683B41 /* SDWebImagePrefetcher.h */ = {isa = PBXFileReference; fileEncoding = 4; lastKnownFileType = sourcecode.c.h; path = SDWebImagePrefetcher.h; sourceTree = "<group>"; };
		5E84D9141B4D33F900683B41 /* SDWebImagePrefetcher.m */ = {isa = PBXFileReference; fileEncoding = 4; lastKnownFileType = sourcecode.c.objc; path = SDWebImagePrefetcher.m; sourceTree = "<group>"; };
		5E84D9151B4D33F900683B41 /* UIButton+WebCache.h */ = {isa = PBXFileReference; fileEncoding = 4; lastKnownFileType = sourcecode.c.h; path = "UIButton+WebCache.h"; sourceTree = "<group>"; };
		5E84D9161B4D33F900683B41 /* UIButton+WebCache.m */ = {isa = PBXFileReference; fileEncoding = 4; lastKnownFileType = sourcecode.c.objc; path = "UIButton+WebCache.m"; sourceTree = "<group>"; };
		5E84D9171B4D33F900683B41 /* UIImage+GIF.h */ = {isa = PBXFileReference; fileEncoding = 4; lastKnownFileType = sourcecode.c.h; path = "UIImage+GIF.h"; sourceTree = "<group>"; };
		5E84D9181B4D33F900683B41 /* UIImage+GIF.m */ = {isa = PBXFileReference; fileEncoding = 4; lastKnownFileType = sourcecode.c.objc; path = "UIImage+GIF.m"; sourceTree = "<group>"; };
		5E84D9191B4D33F900683B41 /* UIImage+MultiFormat.h */ = {isa = PBXFileReference; fileEncoding = 4; lastKnownFileType = sourcecode.c.h; path = "UIImage+MultiFormat.h"; sourceTree = "<group>"; };
		5E84D91A1B4D33F900683B41 /* UIImage+MultiFormat.m */ = {isa = PBXFileReference; fileEncoding = 4; lastKnownFileType = sourcecode.c.objc; path = "UIImage+MultiFormat.m"; sourceTree = "<group>"; };
		5E84D91B1B4D33F900683B41 /* UIImage+WebP.h */ = {isa = PBXFileReference; fileEncoding = 4; lastKnownFileType = sourcecode.c.h; path = "UIImage+WebP.h"; sourceTree = "<group>"; };
		5E84D91C1B4D33F900683B41 /* UIImage+WebP.m */ = {isa = PBXFileReference; fileEncoding = 4; lastKnownFileType = sourcecode.c.objc; path = "UIImage+WebP.m"; sourceTree = "<group>"; };
		5E84D91D1B4D33F900683B41 /* UIImageView+WebCache.h */ = {isa = PBXFileReference; fileEncoding = 4; lastKnownFileType = sourcecode.c.h; path = "UIImageView+WebCache.h"; sourceTree = "<group>"; };
		5E84D91E1B4D33F900683B41 /* UIImageView+WebCache.m */ = {isa = PBXFileReference; fileEncoding = 4; lastKnownFileType = sourcecode.c.objc; path = "UIImageView+WebCache.m"; sourceTree = "<group>"; };
		5E84D92D1B4E04D300683B41 /* TopBrandsTableViewCell.h */ = {isa = PBXFileReference; fileEncoding = 4; lastKnownFileType = sourcecode.c.h; path = TopBrandsTableViewCell.h; sourceTree = "<group>"; };
		5E84D92E1B4E04D300683B41 /* TopBrandsTableViewCell.m */ = {isa = PBXFileReference; fileEncoding = 4; lastKnownFileType = sourcecode.c.objc; path = TopBrandsTableViewCell.m; sourceTree = "<group>"; };
		5E84D9301B4E078B00683B41 /* MyUIPageControl.h */ = {isa = PBXFileReference; fileEncoding = 4; lastKnownFileType = sourcecode.c.h; path = MyUIPageControl.h; sourceTree = "<group>"; };
		5E84D9311B4E078B00683B41 /* MyUIPageControl.m */ = {isa = PBXFileReference; fileEncoding = 4; lastKnownFileType = sourcecode.c.objc; path = MyUIPageControl.m; sourceTree = "<group>"; };
		5E84D9341B4E093600683B41 /* GridItem.h */ = {isa = PBXFileReference; fileEncoding = 4; lastKnownFileType = sourcecode.c.h; path = GridItem.h; sourceTree = "<group>"; };
		5E84D9351B4E093600683B41 /* GridItem.m */ = {isa = PBXFileReference; fileEncoding = 4; lastKnownFileType = sourcecode.c.objc; path = GridItem.m; sourceTree = "<group>"; };
		5E84D9391B4E0E9B00683B41 /* NSString+Oxygen.h */ = {isa = PBXFileReference; fileEncoding = 4; lastKnownFileType = sourcecode.c.h; path = "NSString+Oxygen.h"; sourceTree = "<group>"; };
		5E84D93A1B4E0E9B00683B41 /* NSString+Oxygen.m */ = {isa = PBXFileReference; fileEncoding = 4; lastKnownFileType = sourcecode.c.objc; path = "NSString+Oxygen.m"; sourceTree = "<group>"; };
		5E84D93C1B4E1B0200683B41 /* NSData+ImageContentType.h */ = {isa = PBXFileReference; fileEncoding = 4; lastKnownFileType = sourcecode.c.h; path = "NSData+ImageContentType.h"; sourceTree = "<group>"; };
		5E84D93D1B4E1B0200683B41 /* NSData+ImageContentType.m */ = {isa = PBXFileReference; fileEncoding = 4; lastKnownFileType = sourcecode.c.objc; path = "NSData+ImageContentType.m"; sourceTree = "<group>"; };
		5E84D93E1B4E1B0200683B41 /* SDImageCacheDelegate.h */ = {isa = PBXFileReference; fileEncoding = 4; lastKnownFileType = sourcecode.c.h; path = SDImageCacheDelegate.h; sourceTree = "<group>"; };
		5E84D93F1B4E1B0200683B41 /* SDWebImageDownloaderDelegate.h */ = {isa = PBXFileReference; fileEncoding = 4; lastKnownFileType = sourcecode.c.h; path = SDWebImageDownloaderDelegate.h; sourceTree = "<group>"; };
		5E84D9401B4E1B0200683B41 /* UIImageView+HighlightedWebCache.h */ = {isa = PBXFileReference; fileEncoding = 4; lastKnownFileType = sourcecode.c.h; path = "UIImageView+HighlightedWebCache.h"; sourceTree = "<group>"; };
		5E84D9411B4E1B0200683B41 /* UIImageView+HighlightedWebCache.m */ = {isa = PBXFileReference; fileEncoding = 4; lastKnownFileType = sourcecode.c.objc; path = "UIImageView+HighlightedWebCache.m"; sourceTree = "<group>"; };
		5E84D9421B4E1B0200683B41 /* UIView+WebCacheOperation.h */ = {isa = PBXFileReference; fileEncoding = 4; lastKnownFileType = sourcecode.c.h; path = "UIView+WebCacheOperation.h"; sourceTree = "<group>"; };
		5E84D9431B4E1B0200683B41 /* UIView+WebCacheOperation.m */ = {isa = PBXFileReference; fileEncoding = 4; lastKnownFileType = sourcecode.c.objc; path = "UIView+WebCacheOperation.m"; sourceTree = "<group>"; };
		5E84D9481B4E54B300683B41 /* GDIIndexBar.h */ = {isa = PBXFileReference; fileEncoding = 4; lastKnownFileType = sourcecode.c.h; path = GDIIndexBar.h; sourceTree = "<group>"; };
		5E84D9491B4E54B300683B41 /* GDIIndexBar.m */ = {isa = PBXFileReference; fileEncoding = 4; lastKnownFileType = sourcecode.c.objc; path = GDIIndexBar.m; sourceTree = "<group>"; };
		5E84D94C1B4E558A00683B41 /* pinyin.c */ = {isa = PBXFileReference; fileEncoding = 4; lastKnownFileType = sourcecode.c.c; path = pinyin.c; sourceTree = "<group>"; };
		5E84D94D1B4E558A00683B41 /* pinyin.h */ = {isa = PBXFileReference; fileEncoding = 4; lastKnownFileType = sourcecode.c.h; path = pinyin.h; sourceTree = "<group>"; };
/* End PBXFileReference section */

/* Begin PBXFrameworksBuildPhase section */
		5E84D8B91B4CF80400683B41 /* Frameworks */ = {
			isa = PBXFrameworksBuildPhase;
			buildActionMask = 2147483647;
			files = (
			);
			runOnlyForDeploymentPostprocessing = 0;
		};
/* End PBXFrameworksBuildPhase section */

/* Begin PBXGroup section */
		5E84D8B31B4CF80400683B41 = {
			isa = PBXGroup;
			children = (
				5E84D8EB1B4CF95A00683B41 /* OFStackView */,
				5E84D8BE1B4CF80400683B41 /* MultiTablesViewDemo */,
				5E84D8BD1B4CF80400683B41 /* Products */,
			);
			sourceTree = "<group>";
		};
		5E84D8BD1B4CF80400683B41 /* Products */ = {
			isa = PBXGroup;
			children = (
				5E84D8BC1B4CF80400683B41 /* MultiTablesViewDemo.app */,
			);
			name = Products;
			sourceTree = "<group>";
		};
		5E84D8BE1B4CF80400683B41 /* MultiTablesViewDemo */ = {
			isa = PBXGroup;
			children = (
				5E84D94B1B4E558A00683B41 /* Pinyin */,
				5E84D9471B4E54B300683B41 /* GDIIndexBar */,
				5E84D9381B4E0E9B00683B41 /* util */,
				5E84D9011B4D33F900683B41 /* SDWebImage */,
				5E84D8F61B4D084100683B41 /* CarInfoSelect */,
				5E84D8C31B4CF80400683B41 /* AppDelegate.h */,
				5E84D8C41B4CF80400683B41 /* AppDelegate.m */,
				5E84D8C61B4CF80400683B41 /* ViewController.h */,
				5E84D8C71B4CF80400683B41 /* ViewController.m */,
				5E84D8C91B4CF80400683B41 /* Main.storyboard */,
				5E84D8CC1B4CF80400683B41 /* Images.xcassets */,
				5E84D8CE1B4CF80400683B41 /* LaunchScreen.xib */,
				5E84D8BF1B4CF80400683B41 /* Supporting Files */,
			);
			path = MultiTablesViewDemo;
			sourceTree = "<group>";
		};
		5E84D8BF1B4CF80400683B41 /* Supporting Files */ = {
			isa = PBXGroup;
			children = (
				5E84D8C01B4CF80400683B41 /* Info.plist */,
				5E84D8C11B4CF80400683B41 /* main.m */,
			);
			name = "Supporting Files";
			sourceTree = "<group>";
		};
		5E84D8EB1B4CF95A00683B41 /* OFStackView */ = {
			isa = PBXGroup;
			children = (
				5E84D8F01B4D021300683B41 /* UIView+Oxygen.h */,
				5E84D8F11B4D021300683B41 /* UIView+Oxygen.m */,
				5E84D8EC1B4CF95A00683B41 /* OFStackView.h */,
				5E84D8ED1B4CF95A00683B41 /* OFStackView.m */,
			);
			path = OFStackView;
			sourceTree = "<group>";
		};
		5E84D8F61B4D084100683B41 /* CarInfoSelect */ = {
			isa = PBXGroup;
			children = (
				5E84D9301B4E078B00683B41 /* MyUIPageControl.h */,
				5E84D9311B4E078B00683B41 /* MyUIPageControl.m */,
				5E84D8F71B4D084100683B41 /* CarInfoSelectViewController.h */,
				5E84D8F81B4D084100683B41 /* CarInfoSelectViewController.m */,
				5E84D8FD1B4D2ED600683B41 /* CarInfoSelectTableViewCell.h */,
				5E84D8FE1B4D2ED600683B41 /* CarInfoSelectTableViewCell.m */,
				5E84D92D1B4E04D300683B41 /* TopBrandsTableViewCell.h */,
				5E84D92E1B4E04D300683B41 /* TopBrandsTableViewCell.m */,
				5E84D9341B4E093600683B41 /* GridItem.h */,
				5E84D9351B4E093600683B41 /* GridItem.m */,
			);
			path = CarInfoSelect;
			sourceTree = "<group>";
		};
		5E84D9011B4D33F900683B41 /* SDWebImage */ = {
			isa = PBXGroup;
			children = (
				5E84D93C1B4E1B0200683B41 /* NSData+ImageContentType.h */,
				5E84D93D1B4E1B0200683B41 /* NSData+ImageContentType.m */,
				5E84D93E1B4E1B0200683B41 /* SDImageCacheDelegate.h */,
				5E84D93F1B4E1B0200683B41 /* SDWebImageDownloaderDelegate.h */,
				5E84D9401B4E1B0200683B41 /* UIImageView+HighlightedWebCache.h */,
				5E84D9411B4E1B0200683B41 /* UIImageView+HighlightedWebCache.m */,
				5E84D9421B4E1B0200683B41 /* UIView+WebCacheOperation.h */,
				5E84D9431B4E1B0200683B41 /* UIView+WebCacheOperation.m */,
				5E84D9021B4D33F900683B41 /* MKAnnotationView+WebCache.h */,
				5E84D9031B4D33F900683B41 /* MKAnnotationView+WebCache.m */,
				5E84D9061B4D33F900683B41 /* SDImageCache.h */,
				5E84D9071B4D33F900683B41 /* SDImageCache.m */,
				5E84D9081B4D33F900683B41 /* SDWebImageCompat.h */,
				5E84D9091B4D33F900683B41 /* SDWebImageCompat.m */,
				5E84D90A1B4D33F900683B41 /* SDWebImageDecoder.h */,
				5E84D90B1B4D33F900683B41 /* SDWebImageDecoder.m */,
				5E84D90C1B4D33F900683B41 /* SDWebImageDownloader.h */,
				5E84D90D1B4D33F900683B41 /* SDWebImageDownloader.m */,
				5E84D90E1B4D33F900683B41 /* SDWebImageDownloaderOperation.h */,
				5E84D90F1B4D33F900683B41 /* SDWebImageDownloaderOperation.m */,
				5E84D9101B4D33F900683B41 /* SDWebImageManager.h */,
				5E84D9111B4D33F900683B41 /* SDWebImageManager.m */,
				5E84D9121B4D33F900683B41 /* SDWebImageOperation.h */,
				5E84D9131B4D33F900683B41 /* SDWebImagePrefetcher.h */,
				5E84D9141B4D33F900683B41 /* SDWebImagePrefetcher.m */,
				5E84D9151B4D33F900683B41 /* UIButton+WebCache.h */,
				5E84D9161B4D33F900683B41 /* UIButton+WebCache.m */,
				5E84D9171B4D33F900683B41 /* UIImage+GIF.h */,
				5E84D9181B4D33F900683B41 /* UIImage+GIF.m */,
				5E84D9191B4D33F900683B41 /* UIImage+MultiFormat.h */,
				5E84D91A1B4D33F900683B41 /* UIImage+MultiFormat.m */,
				5E84D91B1B4D33F900683B41 /* UIImage+WebP.h */,
				5E84D91C1B4D33F900683B41 /* UIImage+WebP.m */,
				5E84D91D1B4D33F900683B41 /* UIImageView+WebCache.h */,
				5E84D91E1B4D33F900683B41 /* UIImageView+WebCache.m */,
			);
			path = SDWebImage;
			sourceTree = "<group>";
		};
		5E84D9381B4E0E9B00683B41 /* util */ = {
			isa = PBXGroup;
			children = (
				5E84D9391B4E0E9B00683B41 /* NSString+Oxygen.h */,
				5E84D93A1B4E0E9B00683B41 /* NSString+Oxygen.m */,
			);
			path = util;
			sourceTree = "<group>";
		};
		5E84D9471B4E54B300683B41 /* GDIIndexBar */ = {
			isa = PBXGroup;
			children = (
				5E84D9481B4E54B300683B41 /* GDIIndexBar.h */,
				5E84D9491B4E54B300683B41 /* GDIIndexBar.m */,
			);
			path = GDIIndexBar;
			sourceTree = "<group>";
		};
		5E84D94B1B4E558A00683B41 /* Pinyin */ = {
			isa = PBXGroup;
			children = (
				5E84D94C1B4E558A00683B41 /* pinyin.c */,
				5E84D94D1B4E558A00683B41 /* pinyin.h */,
			);
			path = Pinyin;
			sourceTree = "<group>";
		};
/* End PBXGroup section */

/* Begin PBXNativeTarget section */
		5E84D8BB1B4CF80400683B41 /* MultiTablesViewDemo */ = {
			isa = PBXNativeTarget;
			buildConfigurationList = 5E84D8DF1B4CF80400683B41 /* Build configuration list for PBXNativeTarget "MultiTablesViewDemo" */;
			buildPhases = (
				5E84D8B81B4CF80400683B41 /* Sources */,
				5E84D8B91B4CF80400683B41 /* Frameworks */,
				5E84D8BA1B4CF80400683B41 /* Resources */,
			);
			buildRules = (
			);
			dependencies = (
			);
			name = MultiTablesViewDemo;
			productName = MultiTablesViewDemo;
			productReference = 5E84D8BC1B4CF80400683B41 /* MultiTablesViewDemo.app */;
			productType = "com.apple.product-type.application";
		};
/* End PBXNativeTarget section */

/* Begin PBXProject section */
		5E84D8B41B4CF80400683B41 /* Project object */ = {
			isa = PBXProject;
			attributes = {
				LastUpgradeCheck = 0640;
				ORGANIZATIONNAME = "吴晓明";
				TargetAttributes = {
					5E84D8BB1B4CF80400683B41 = {
						CreatedOnToolsVersion = 6.4;
						ProvisioningStyle = Automatic;
					};
				};
			};
			buildConfigurationList = 5E84D8B71B4CF80400683B41 /* Build configuration list for PBXProject "MultiTablesViewDemo" */;
			compatibilityVersion = "Xcode 3.2";
			developmentRegion = English;
			hasScannedForEncodings = 0;
			knownRegions = (
				en,
				Base,
			);
			mainGroup = 5E84D8B31B4CF80400683B41;
			productRefGroup = 5E84D8BD1B4CF80400683B41 /* Products */;
			projectDirPath = "";
			projectRoot = "";
			targets = (
				5E84D8BB1B4CF80400683B41 /* MultiTablesViewDemo */,
			);
		};
/* End PBXProject section */

/* Begin PBXResourcesBuildPhase section */
		5E84D8BA1B4CF80400683B41 /* Resources */ = {
			isa = PBXResourcesBuildPhase;
			buildActionMask = 2147483647;
			files = (
				5E84D8CB1B4CF80400683B41 /* Main.storyboard in Resources */,
				5E84D8D01B4CF80400683B41 /* LaunchScreen.xib in Resources */,
				5E84D8CD1B4CF80400683B41 /* Images.xcassets in Resources */,
			);
			runOnlyForDeploymentPostprocessing = 0;
		};
/* End PBXResourcesBuildPhase section */

/* Begin PBXSourcesBuildPhase section */
		5E84D8B81B4CF80400683B41 /* Sources */ = {
			isa = PBXSourcesBuildPhase;
			buildActionMask = 2147483647;
			files = (
				5E84D9291B4D33F900683B41 /* UIImage+GIF.m in Sources */,
				5E84D92F1B4E04D300683B41 /* TopBrandsTableViewCell.m in Sources */,
				5E84D9221B4D33F900683B41 /* SDWebImageCompat.m in Sources */,
				5E84D9281B4D33F900683B41 /* UIButton+WebCache.m in Sources */,
				5E84D92A1B4D33F900683B41 /* UIImage+MultiFormat.m in Sources */,
				5E84D9271B4D33F900683B41 /* SDWebImagePrefetcher.m in Sources */,
				5E84D8C81B4CF80400683B41 /* ViewController.m in Sources */,
				5E84D91F1B4D33F900683B41 /* MKAnnotationView+WebCache.m in Sources */,
				5E84D92B1B4D33F900683B41 /* UIImage+WebP.m in Sources */,
				5E84D94E1B4E558A00683B41 /* pinyin.c in Sources */,
				5E84D8FF1B4D2ED600683B41 /* CarInfoSelectTableViewCell.m in Sources */,
				5E84D9251B4D33F900683B41 /* SDWebImageDownloaderOperation.m in Sources */,
				5E84D9231B4D33F900683B41 /* SDWebImageDecoder.m in Sources */,
				5E84D9451B4E1B0200683B41 /* UIImageView+HighlightedWebCache.m in Sources */,
				5E84D92C1B4D33F900683B41 /* UIImageView+WebCache.m in Sources */,
				5E84D8C51B4CF80400683B41 /* AppDelegate.m in Sources */,
				5E84D9241B4D33F900683B41 /* SDWebImageDownloader.m in Sources */,
				5E84D9461B4E1B0200683B41 /* UIView+WebCacheOperation.m in Sources */,
				5E84D8EE1B4CF95A00683B41 /* OFStackView.m in Sources */,
				5E84D9361B4E093600683B41 /* GridItem.m in Sources */,
				5E84D93B1B4E0E9B00683B41 /* NSString+Oxygen.m in Sources */,
				5E84D8F91B4D084100683B41 /* CarInfoSelectViewController.m in Sources */,
				5E84D8F21B4D021300683B41 /* UIView+Oxygen.m in Sources */,
				5E84D9441B4E1B0200683B41 /* NSData+ImageContentType.m in Sources */,
				5E84D9321B4E078B00683B41 /* MyUIPageControl.m in Sources */,
				5E84D9261B4D33F900683B41 /* SDWebImageManager.m in Sources */,
				5E84D94A1B4E54B300683B41 /* GDIIndexBar.m in Sources */,
				5E84D8C21B4CF80400683B41 /* main.m in Sources */,
				5E84D9211B4D33F900683B41 /* SDImageCache.m in Sources */,
			);
			runOnlyForDeploymentPostprocessing = 0;
		};
/* End PBXSourcesBuildPhase section */

/* Begin PBXVariantGroup section */
		5E84D8C91B4CF80400683B41 /* Main.storyboard */ = {
			isa = PBXVariantGroup;
			children = (
				5E84D8CA1B4CF80400683B41 /* Base */,
			);
			name = Main.storyboard;
			sourceTree = "<group>";
		};
		5E84D8CE1B4CF80400683B41 /* LaunchScreen.xib */ = {
			isa = PBXVariantGroup;
			children = (
				5E84D8CF1B4CF80400683B41 /* Base */,
			);
			name = LaunchScreen.xib;
			sourceTree = "<group>";
		};
/* End PBXVariantGroup section */

/* Begin XCBuildConfiguration section */
		5E84D8DD1B4CF80400683B41 /* Debug */ = {
			isa = XCBuildConfiguration;
			buildSettings = {
				ALWAYS_SEARCH_USER_PATHS = NO;
				CLANG_CXX_LANGUAGE_STANDARD = "gnu++0x";
				CLANG_CXX_LIBRARY = "libc++";
				CLANG_ENABLE_MODULES = YES;
				CLANG_ENABLE_OBJC_ARC = YES;
				CLANG_WARN_BOOL_CONVERSION = YES;
				CLANG_WARN_CONSTANT_CONVERSION = YES;
				CLANG_WARN_DIRECT_OBJC_ISA_USAGE = YES_ERROR;
				CLANG_WARN_EMPTY_BODY = YES;
				CLANG_WARN_ENUM_CONVERSION = YES;
				CLANG_WARN_INT_CONVERSION = YES;
				CLANG_WARN_OBJC_ROOT_CLASS = YES_ERROR;
				CLANG_WARN_UNREACHABLE_CODE = YES;
				CLANG_WARN__DUPLICATE_METHOD_MATCH = YES;
				"CODE_SIGN_IDENTITY[sdk=iphoneos*]" = "iPhone Developer";
				COPY_PHASE_STRIP = NO;
				DEBUG_INFORMATION_FORMAT = "dwarf-with-dsym";
				ENABLE_STRICT_OBJC_MSGSEND = YES;
				GCC_C_LANGUAGE_STANDARD = gnu99;
				GCC_DYNAMIC_NO_PIC = NO;
				GCC_NO_COMMON_BLOCKS = YES;
				GCC_OPTIMIZATION_LEVEL = 0;
				GCC_PREPROCESSOR_DEFINITIONS = (
					"DEBUG=1",
					"$(inherited)",
				);
				GCC_SYMBOLS_PRIVATE_EXTERN = NO;
				GCC_WARN_64_TO_32_BIT_CONVERSION = YES;
				GCC_WARN_ABOUT_RETURN_TYPE = YES_ERROR;
				GCC_WARN_UNDECLARED_SELECTOR = YES;
				GCC_WARN_UNINITIALIZED_AUTOS = YES_AGGRESSIVE;
				GCC_WARN_UNUSED_FUNCTION = YES;
				GCC_WARN_UNUSED_VARIABLE = YES;
				IPHONEOS_DEPLOYMENT_TARGET = 8.4;
				MTL_ENABLE_DEBUG_INFO = YES;
				ONLY_ACTIVE_ARCH = YES;
				SDKROOT = iphoneos;
			};
			name = Debug;
		};
		5E84D8DE1B4CF80400683B41 /* Release */ = {
			isa = XCBuildConfiguration;
			buildSettings = {
				ALWAYS_SEARCH_USER_PATHS = NO;
				CLANG_CXX_LANGUAGE_STANDARD = "gnu++0x";
				CLANG_CXX_LIBRARY = "libc++";
				CLANG_ENABLE_MODULES = YES;
				CLANG_ENABLE_OBJC_ARC = YES;
				CLANG_WARN_BOOL_CONVERSION = YES;
				CLANG_WARN_CONSTANT_CONVERSION = YES;
				CLANG_WARN_DIRECT_OBJC_ISA_USAGE = YES_ERROR;
				CLANG_WARN_EMPTY_BODY = YES;
				CLANG_WARN_ENUM_CONVERSION = YES;
				CLANG_WARN_INT_CONVERSION = YES;
				CLANG_WARN_OBJC_ROOT_CLASS = YES_ERROR;
				CLANG_WARN_UNREACHABLE_CODE = YES;
				CLANG_WARN__DUPLICATE_METHOD_MATCH = YES;
				"CODE_SIGN_IDENTITY[sdk=iphoneos*]" = "iPhone Developer";
				COPY_PHASE_STRIP = NO;
				DEBUG_INFORMATION_FORMAT = "dwarf-with-dsym";
				ENABLE_NS_ASSERTIONS = NO;
				ENABLE_STRICT_OBJC_MSGSEND = YES;
				GCC_C_LANGUAGE_STANDARD = gnu99;
				GCC_NO_COMMON_BLOCKS = YES;
				GCC_WARN_64_TO_32_BIT_CONVERSION = YES;
				GCC_WARN_ABOUT_RETURN_TYPE = YES_ERROR;
				GCC_WARN_UNDECLARED_SELECTOR = YES;
				GCC_WARN_UNINITIALIZED_AUTOS = YES_AGGRESSIVE;
				GCC_WARN_UNUSED_FUNCTION = YES;
				GCC_WARN_UNUSED_VARIABLE = YES;
				IPHONEOS_DEPLOYMENT_TARGET = 8.4;
				MTL_ENABLE_DEBUG_INFO = NO;
				SDKROOT = iphoneos;
				VALIDATE_PRODUCT = YES;
			};
			name = Release;
		};
		5E84D8E01B4CF80400683B41 /* Debug */ = {
			isa = XCBuildConfiguration;
			buildSettings = {
				ASSETCATALOG_COMPILER_APPICON_NAME = AppIcon;
				"CODE_SIGN_IDENTITY[sdk=iphoneos*]" = "iPhone Developer";
				DEVELOPMENT_TEAM = "";
				INFOPLIST_FILE = MultiTablesViewDemo/Info.plist;
				IPHONEOS_DEPLOYMENT_TARGET = 7.0;
				LD_RUNPATH_SEARCH_PATHS = "$(inherited) @executable_path/Frameworks";
				PRODUCT_NAME = "$(TARGET_NAME)";
				PROVISIONING_PROFILE = "";
				PROVISIONING_PROFILE_SPECIFIER = "";
			};
			name = Debug;
		};
		5E84D8E11B4CF80400683B41 /* Release */ = {
			isa = XCBuildConfiguration;
			buildSettings = {
				ASSETCATALOG_COMPILER_APPICON_NAME = AppIcon;
				"CODE_SIGN_IDENTITY[sdk=iphoneos*]" = "iPhone Developer";
				DEVELOPMENT_TEAM = "";
				INFOPLIST_FILE = MultiTablesViewDemo/Info.plist;
				IPHONEOS_DEPLOYMENT_TARGET = 7.0;
				LD_RUNPATH_SEARCH_PATHS = "$(inherited) @executable_path/Frameworks";
				PRODUCT_NAME = "$(TARGET_NAME)";
			};
			name = Release;
		};
/* End XCBuildConfiguration section */

/* Begin XCConfigurationList section */
		5E84D8B71B4CF80400683B41 /* Build configuration list for PBXProject "MultiTablesViewDemo" */ = {
			isa = XCConfigurationList;
			buildConfigurations = (
				5E84D8DD1B4CF80400683B41 /* Debug */,
				5E84D8DE1B4CF80400683B41 /* Release */,
			);
			defaultConfigurationIsVisible = 0;
			defaultConfigurationName = Release;
		};
		5E84D8DF1B4CF80400683B41 /* Build configuration list for PBXNativeTarget "MultiTablesViewDemo" */ = {
			isa = XCConfigurationList;
			buildConfigurations = (
				5E84D8E01B4CF80400683B41 /* Debug */,
				5E84D8E11B4CF80400683B41 /* Release */,
			);
			defaultConfigurationIsVisible = 0;
			defaultConfigurationName = Release;
		};
/* End XCConfigurationList section */
	};
	rootObject = 5E84D8B41B4CF80400683B41 /* Project object */;
}
